{
  "nodes": {
    "devenv": {
      "locked": {
        "dir": "src/modules",
        "lastModified": 1782231411,
        "narHash": "sha256-W/Yhek5L3nc0gaGgMHPrzO6DbLGq7Yb9DKw/kvLwij0=",
        "owner": "cachix",
        "repo": "devenv",
        "rev": "a4fd3348220d96f7602385adff0ace482e720586",
        "type": "github"
      },
      "original": {
        "dir": "src/modules",
        "owner": "cachix",
        "repo": "devenv",
        "type": "github"
      }
    },
    "flake-compat": {
      "flake": false,
      "locked": {
        "lastModified": 1767039857,
        "narHash": "sha256-vNpUSpF5Nuw8xvDLj2KCwwksIbjua2LZCqhV1LNRDns=",
        "owner": "edolstra",
        "repo": "flake-compat",
        "rev": "5edf11c44bc78a0d334f6334cdaf7d60d732daab",
        "type": "github"
      },
      "original": {
        "owner": "edolstra",
        "repo": "flake-compat",
        "type": "github"
      }
    },
    "nixpkgs": {
      "locked": {
        "lastModified": 1781577229,
        "narHash": "sha256-lrp67w8AulE9Ks53n27I45ADSzbOCn4H+CNW1Ck8B+8=",
        "owner": "NixOS",
        "repo": "nixpkgs",
        "rev": "567a49d1913ce81ac6e9582e3553dd90a955875f",
        "type": "github"
      },
      "original": {
        "owner": "NixOS",
        "ref": "nixos-unstable",
        "repo": "nixpkgs",
        "type": "github"
      }
    },
    "nixpkgs-python": {
      "inputs": {
        "flake-compat": "flake-compat",
        "nixpkgs": [
          "nixpkgs"
        ]
      },
      "locked": {
        "lastModified": 1781070343,
        "narHash": "sha256-wXAybU+2LlbXm9cfRDHRPASakq60rLvZBXVT2Ahkj1U=",
        "owner": "cachix",
        "repo": "nixpkgs-python",
        "rev": "23629493653be6df0472a46b1be1d65cbd6df55b",
        "type": "github"
      },
      "original": {
        "owner": "cachix",
        "repo": "nixpkgs-python",
        "type": "github"
      }
    },
    "root": {
      "inputs": {
        "devenv": "devenv",
        "nixpkgs": "nixpkgs",
        "nixpkgs-python": "nixpkgs-python"
      }
    }
  },
  "root": "root",
  "version": 7
}